
Microsoft Visual Studio Solution File, Format Version 12.00
# Visual Studio Version 17
VisualStudioVersion = 17.3.32929.385
MinimumVisualStudioVersion = 10.0.40219.1
Project("{FAE04EC0-301F-11D3-BF4B-00C04F79EFBC}") = "Lab08", "Lab08\Lab08.csproj", "{43706A4E-9CBE-431C-B888-18C78B54A542}"
EndProject
Global
	GlobalSection(SolutionConfigurationPlatforms) = preSolution
		Debug|Any CPU = Debug|Any CPU
		Release|Any CPU = Release|Any CPU
	EndGlobalSection
	GlobalSection(ProjectConfigurationPlatforms) = postSolution
		{43706A4E-9CBE-431C-B888-18C78B54A542}.Debug|Any CPU.ActiveCfg = Debug|Any CPU
		{43706A4E-9CBE-431C-B888-18C78B54A542}.Debug|Any CPU.Build.0 = Debug|Any CPU
		{43706A4E-9CBE-431C-B888-18C78B54A542}.Release|Any CPU.ActiveCfg = Release|Any CPU
		{43706A4E-9CBE-431C-B888-18C78B54A542}.Release|Any CPU.Build.0 = Release|Any CPU
	EndGlobalSection
	GlobalSection(SolutionProperties) = preSolution
		HideSolutionNode = FALSE
	EndGlobalSection
	GlobalSection(ExtensibilityGlobals) = postSolution
		SolutionGuid = {1C250174-F9FC-4378-8322-114EBD9FDD90}
	EndGlobalSection
EndGlobal
